{
  "object": {
    "pins": [
      {
        "package": "CGumboParser",
        "repositoryURL": "https://github.com/gshahbazian/gumbo-parser",
        "state": {
          "branch": null,
          "revision": "795de2d0fdd9b58bb8b3e6ef962d718ab055a550",
          "version": null
        }
      }
    ]
  },
  "version": 1
}
